
Microsoft Visual Studio Solution File, Format Version 12.00
# Visual Studio 15
VisualStudioVersion = 15.0.28307.106
MinimumVisualStudioVersion = 10.0.40219.1
Project("{FAE04EC0-301F-11D3-BF4B-00C04F79EFBC}") = "Comp306Project", "Comp306Project\Comp306Project.csproj", "{B39C1A45-4039-47C8-9A8C-1FF9F27A1FAE}"
EndProject
Global
	GlobalSection(SolutionConfigurationPlatforms) = preSolution
		Debug|Any CPU = Debug|Any CPU
		Release|Any CPU = Release|Any CPU
	EndGlobalSection
	GlobalSection(ProjectConfigurationPlatforms) = postSolution
		{B39C1A45-4039-47C8-9A8C-1FF9F27A1FAE}.Debug|Any CPU.ActiveCfg = Debug|Any CPU
		{B39C1A45-4039-47C8-9A8C-1FF9F27A1FAE}.Debug|Any CPU.Build.0 = Debug|Any CPU
		{B39C1A45-4039-47C8-9A8C-1FF9F27A1FAE}.Release|Any CPU.ActiveCfg = Release|Any CPU
		{B39C1A45-4039-47C8-9A8C-1FF9F27A1FAE}.Release|Any CPU.Build.0 = Release|Any CPU
	EndGlobalSection
	GlobalSection(SolutionProperties) = preSolution
		HideSolutionNode = FALSE
	EndGlobalSection
	GlobalSection(ExtensibilityGlobals) = postSolution
		SolutionGuid = {0152B2BE-353B-487C-9694-C3F2D9D209CA}
	EndGlobalSection
EndGlobal
